// !$*UTF8*$!
{
	archiveVersion = 1;
	classes = {
	};
	objectVersion = 56;
	objects = {

/* Begin PBXBuildFile section */
		82C3E3FF2AEEC1240057B9C0 /* AppDelegate.swift in Sources */ = {isa = PBXBuildFile; fileRef = 82C3E3FE2AEEC1240057B9C0 /* AppDelegate.swift */; };
		82C3E4012AEEC1240057B9C0 /* SceneDelegate.swift in Sources */ = {isa = PBXBuildFile; fileRef = 82C3E4002AEEC1240057B9C0 /* SceneDelegate.swift */; };
		82C3E4032AEEC1240057B9C0 /* ViewController.swift in Sources */ = {isa = PBXBuildFile; fileRef = 82C3E4022AEEC1240057B9C0 /* ViewController.swift */; };
		82C3E4062AEEC1240057B9C0 /* Main.storyboard in Resources */ = {isa = PBXBuildFile; fileRef = 82C3E4042AEEC1240057B9C0 /* Main.storyboard */; };
		82C3E4092AEEC1240057B9C0 /* MovieDB.xcdatamodeld in Sources */ = {isa = PBXBuildFile; fileRef = 82C3E4072AEEC1240057B9C0 /* MovieDB.xcdatamodeld */; };
		82C3E40B2AEEC1250057B9C0 /* Assets.xcassets in Resources */ = {isa = PBXBuildFile; fileRef = 82C3E40A2AEEC1250057B9C0 /* Assets.xcassets */; };
		82C3E40E2AEEC1250057B9C0 /* LaunchScreen.storyboard in Resources */ = {isa = PBXBuildFile; fileRef = 82C3E40C2AEEC1250057B9C0 /* LaunchScreen.storyboard */; };
		82C3E4192AEEC1250057B9C0 /* MovieDBTests.swift in Sources */ = {isa = PBXBuildFile; fileRef = 82C3E4182AEEC1250057B9C0 /* MovieDBTests.swift */; };
		82C3E4232AEEC1250057B9C0 /* MovieDBUITests.swift in Sources */ = {isa = PBXBuildFile; fileRef = 82C3E4222AEEC1250057B9C0 /* MovieDBUITests.swift */; };
		82C3E4252AEEC1250057B9C0 /* MovieDBUITestsLaunchTests.swift in Sources */ = {isa = PBXBuildFile; fileRef = 82C3E4242AEEC1250057B9C0 /* MovieDBUITestsLaunchTests.swift */; };
/* End PBXBuildFile section */

/* Begin PBXContainerItemProxy section */
		82C3E4152AEEC1250057B9C0 /* PBXContainerItemProxy */ = {
			isa = PBXContainerItemProxy;
			containerPortal = 82C3E3F32AEEC1240057B9C0 /* Project object */;
			proxyType = 1;
			remoteGlobalIDString = 82C3E3FA2AEEC1240057B9C0;
			remoteInfo = MovieDB;
		};
		82C3E41F2AEEC1250057B9C0 /* PBXContainerItemProxy */ = {
			isa = PBXContainerItemProxy;
			containerPortal = 82C3E3F32AEEC1240057B9C0 /* Project object */;
			proxyType = 1;
			remoteGlobalIDString = 82C3E3FA2AEEC1240057B9C0;
			remoteInfo = MovieDB;
		};
/* End PBXContainerItemProxy section */

/* Begin PBXFileReference section */
		82C3E3FB2AEEC1240057B9C0 /* MovieDB.app */ = {isa = PBXFileReference; explicitFileType = wrapper.application; includeInIndex = 0; path = MovieDB.app; sourceTree = BUILT_PRODUCTS_DIR; };
		82C3E3FE2AEEC1240057B9C0 /* AppDelegate.swift */ = {isa = PBXFileReference; lastKnownFileType = sourcecode.swift; path = AppDelegate.swift; sourceTree = "<group>"; };
		82C3E4002AEEC1240057B9C0 /* SceneDelegate.swift */ = {isa = PBXFileReference; lastKnownFileType = sourcecode.swift; path = SceneDelegate.swift; sourceTree = "<group>"; };
		82C3E4022AEEC1240057B9C0 /* ViewController.swift */ = {isa = PBXFileReference; lastKnownFileType = sourcecode.swift; path = ViewController.swift; sourceTree = "<group>"; };
		82C3E4052AEEC1240057B9C0 /* Base */ = {isa = PBXFileReference; lastKnownFileType = file.storyboard; name = Base; path = Base.lproj/Main.storyboard; sourceTree = "<group>"; };
		82C3E4082AEEC1240057B9C0 /* MovieDB.xcdatamodel */ = {isa = PBXFileReference; lastKnownFileType = wrapper.xcdatamodel; path = MovieDB.xcdatamodel; sourceTree = "<group>"; };
		82C3E40A2AEEC1250057B9C0 /* Assets.xcassets */ = {isa = PBXFileReference; lastKnownFileType = folder.assetcatalog; path = Assets.xcassets; sourceTree = "<group>"; };
		82C3E40D2AEEC1250057B9C0 /* Base */ = {isa = PBXFileReference; lastKnownFileType = file.storyboard; name = Base; path = Base.lproj/LaunchScreen.storyboard; sourceTree = "<group>"; };
		82C3E40F2AEEC1250057B9C0 /* Info.plist */ = {isa = PBXFileReference; lastKnownFileType = text.plist.xml; path = Info.plist; sourceTree = "<group>"; };
		82C3E4142AEEC1250057B9C0 /* MovieDBTests.xctest */ = {isa = PBXFileReference; explicitFileType = wrapper.cfbundle; includeInIndex = 0; path = MovieDBTests.xctest; sourceTree = BUILT_PRODUCTS_DIR; };
		82C3E4182AEEC1250057B9C0 /* MovieDBTests.swift */ = {isa = PBXFileReference; lastKnownFileType = sourcecode.swift; path = MovieDBTests.swift; sourceTree = "<group>"; };
		82C3E41E2AEEC1250057B9C0 /* MovieDBUITests.xctest */ = {isa = PBXFileReference; explicitFileType = wrapper.cfbundle; includeInIndex = 0; path = MovieDBUITests.xctest; sourceTree = BUILT_PRODUCTS_DIR; };
		82C3E4222AEEC1250057B9C0 /* MovieDBUITests.swift */ = {isa = PBXFileReference; lastKnownFileType = sourcecode.swift; path = MovieDBUITests.swift; sourceTree = "<group>"; };
		82C3E4242AEEC1250057B9C0 /* MovieDBUITestsLaunchTests.swift */ = {isa = PBXFileReference; lastKnownFileType = sourcecode.swift; path = MovieDBUITestsLaunchTests.swift; sourceTree = "<group>"; };
/* End PBXFileReference section */

/* Begin PBXFrameworksBuildPhase section */
		82C3E3F82AEEC1240057B9C0 /* Frameworks */ = {
			isa = PBXFrameworksBuildPhase;
			buildActionMask = 2147483647;
			files = (
			);
			runOnlyForDeploymentPostprocessing = 0;
		};
		82C3E4112AEEC1250057B9C0 /* Frameworks */ = {
			isa = PBXFrameworksBuildPhase;
			buildActionMask = 2147483647;
			files = (
			);
			runOnlyForDeploymentPostprocessing = 0;
		};
		82C3E41B2AEEC1250057B9C0 /* Frameworks */ = {
			isa = PBXFrameworksBuildPhase;
			buildActionMask = 2147483647;
			files = (
			);
			runOnlyForDeploymentPostprocessing = 0;
		};
/* End PBXFrameworksBuildPhase section */

/* Begin PBXGroup section */
		82C3E3F22AEEC1240057B9C0 = {
			isa = PBXGroup;
			children = (
				82C3E3FD2AEEC1240057B9C0 /* MovieDB */,
				82C3E4172AEEC1250057B9C0 /* MovieDBTests */,
				82C3E4212AEEC1250057B9C0 /* MovieDBUITests */,
				82C3E3FC2AEEC1240057B9C0 /* Products */,
			);
			sourceTree = "<group>";
		};
		82C3E3FC2AEEC1240057B9C0 /* Products */ = {
			isa = PBXGroup;
			children = (
				82C3E3FB2AEEC1240057B9C0 /* MovieDB.app */,
				82C3E4142AEEC1250057B9C0 /* MovieDBTests.xctest */,
				82C3E41E2AEEC1250057B9C0 /* MovieDBUITests.xctest */,
			);
			name = Products;
			sourceTree = "<group>";
		};
		82C3E3FD2AEEC1240057B9C0 /* MovieDB */ = {
			isa = PBXGroup;
			children = (
				82C3E3FE2AEEC1240057B9C0 /* AppDelegate.swift */,
				82C3E4002AEEC1240057B9C0 /* SceneDelegate.swift */,
				82C3E4022AEEC1240057B9C0 /* ViewController.swift */,
				82C3E4042AEEC1240057B9C0 /* Main.storyboard */,
				82C3E40A2AEEC1250057B9C0 /* Assets.xcassets */,
				82C3E40C2AEEC1250057B9C0 /* LaunchScreen.storyboard */,
				82C3E40F2AEEC1250057B9C0 /* Info.plist */,
				82C3E4072AEEC1240057B9C0 /* MovieDB.xcdatamodeld */,
			);
			path = MovieDB;
			sourceTree = "<group>";
		};
		82C3E4172AEEC1250057B9C0 /* MovieDBTests */ = {
			isa = PBXGroup;
			children = (
				82C3E4182AEEC1250057B9C0 /* MovieDBTests.swift */,
			);
			path = MovieDBTests;
			sourceTree = "<group>";
		};
		82C3E4212AEEC1250057B9C0 /* MovieDBUITests */ = {
			isa = PBXGroup;
			children = (
				82C3E4222AEEC1250057B9C0 /* MovieDBUITests.swift */,
				82C3E4242AEEC1250057B9C0 /* MovieDBUITestsLaunchTests.swift */,
			);
			path = MovieDBUITests;
			sourceTree = "<group>";
		};
/* End PBXGroup section */

/* Begin PBXNativeTarget section */
		82C3E3FA2AEEC1240057B9C0 /* MovieDB */ = {
			isa = PBXNativeTarget;
			buildConfigurationList = 82C3E4282AEEC1250057B9C0 /* Build configuration list for PBXNativeTarget "MovieDB" */;
			buildPhases = (
				82C3E3F72AEEC1240057B9C0 /* Sources */,
				82C3E3F82AEEC1240057B9C0 /* Frameworks */,
				82C3E3F92AEEC1240057B9C0 /* Resources */,
			);
			buildRules = (
			);
			dependencies = (
			);
			name = MovieDB;
			productName = MovieDB;
			productReference = 82C3E3FB2AEEC1240057B9C0 /* MovieDB.app */;
			productType = "com.apple.product-type.application";
		};
		82C3E4132AEEC1250057B9C0 /* MovieDBTests */ = {
			isa = PBXNativeTarget;
			buildConfigurationList = 82C3E42B2AEEC1250057B9C0 /* Build configuration list for PBXNativeTarget "MovieDBTests" */;
			buildPhases = (
				82C3E4102AEEC1250057B9C0 /* Sources */,
				82C3E4112AEEC1250057B9C0 /* Frameworks */,
				82C3E4122AEEC1250057B9C0 /* Resources */,
			);
			buildRules = (
			);
			dependencies = (
				82C3E4162AEEC1250057B9C0 /* PBXTargetDependency */,
			);
			name = MovieDBTests;
			productName = MovieDBTests;
			productReference = 82C3E4142AEEC1250057B9C0 /* MovieDBTests.xctest */;
			productType = "com.apple.product-type.bundle.unit-test";
		};
		82C3E41D2AEEC1250057B9C0 /* MovieDBUITests */ = {
			isa = PBXNativeTarget;
			buildConfigurationList = 82C3E42E2AEEC1250057B9C0 /* Build configuration list for PBXNativeTarget "MovieDBUITests" */;
			buildPhases = (
				82C3E41A2AEEC1250057B9C0 /* Sources */,
				82C3E41B2AEEC1250057B9C0 /* Frameworks */,
				82C3E41C2AEEC1250057B9C0 /* Resources */,
			);
			buildRules = (
			);
			dependencies = (
				82C3E4202AEEC1250057B9C0 /* PBXTargetDependency */,
			);
			name = MovieDBUITests;
			productName = MovieDBUITests;
			productReference = 82C3E41E2AEEC1250057B9C0 /* MovieDBUITests.xctest */;
			productType = "com.apple.product-type.bundle.ui-testing";
		};
/* End PBXNativeTarget section */

/* Begin PBXProject section */
		82C3E3F32AEEC1240057B9C0 /* Project object */ = {
			isa = PBXProject;
			attributes = {
				BuildIndependentTargetsInParallel = 1;
				LastSwiftUpdateCheck = 1430;
				LastUpgradeCheck = 1430;
				TargetAttributes = {
					82C3E3FA2AEEC1240057B9C0 = {
						CreatedOnToolsVersion = 14.3.1;
					};
					82C3E4132AEEC1250057B9C0 = {
						CreatedOnToolsVersion = 14.3.1;
						TestTargetID = 82C3E3FA2AEEC1240057B9C0;
					};
					82C3E41D2AEEC1250057B9C0 = {
						CreatedOnToolsVersion = 14.3.1;
						TestTargetID = 82C3E3FA2AEEC1240057B9C0;
					};
				};
			};
			buildConfigurationList = 82C3E3F62AEEC1240057B9C0 /* Build configuration list for PBXProject "MovieDB" */;
			compatibilityVersion = "Xcode 14.0";
			developmentRegion = en;
			hasScannedForEncodings = 0;
			knownRegions = (
				en,
				Base,
			);
			mainGroup = 82C3E3F22AEEC1240057B9C0;
			productRefGroup = 82C3E3FC2AEEC1240057B9C0 /* Products */;
			projectDirPath = "";
			projectRoot = "";
			targets = (
				82C3E3FA2AEEC1240057B9C0 /* MovieDB */,
				82C3E4132AEEC1250057B9C0 /* MovieDBTests */,
				82C3E41D2AEEC1250057B9C0 /* MovieDBUITests */,
			);
		};
/* End PBXProject section */

/* Begin PBXResourcesBuildPhase section */
		82C3E3F92AEEC1240057B9C0 /* Resources */ = {
			isa = PBXResourcesBuildPhase;
			buildActionMask = 2147483647;
			files = (
				82C3E40E2AEEC1250057B9C0 /* LaunchScreen.storyboard in Resources */,
				82C3E40B2AEEC1250057B9C0 /* Assets.xcassets in Resources */,
				82C3E4062AEEC1240057B9C0 /* Main.storyboard in Resources */,
			);
			runOnlyForDeploymentPostprocessing = 0;
		};
		82C3E4122AEEC1250057B9C0 /* Resources */ = {
			isa = PBXResourcesBuildPhase;
			buildActionMask = 2147483647;
			files = (
			);
			runOnlyForDeploymentPostprocessing = 0;
		};
		82C3E41C2AEEC1250057B9C0 /* Resources */ = {
			isa = PBXResourcesBuildPhase;
			buildActionMask = 2147483647;
			files = (
			);
			runOnlyForDeploymentPostprocessing = 0;
		};
/* End PBXResourcesBuildPhase section */

/* Begin PBXSourcesBuildPhase section */
		82C3E3F72AEEC1240057B9C0 /* Sources */ = {
			isa = PBXSourcesBuildPhase;
			buildActionMask = 2147483647;
			files = (
				82C3E4032AEEC1240057B9C0 /* ViewController.swift in Sources */,
				82C3E3FF2AEEC1240057B9C0 /* AppDelegate.swift in Sources */,
				82C3E4092AEEC1240057B9C0 /* MovieDB.xcdatamodeld in Sources */,
				82C3E4012AEEC1240057B9C0 /* SceneDelegate.swift in Sources */,
			);
			runOnlyForDeploymentPostprocessing = 0;
		};
		82C3E4102AEEC1250057B9C0 /* Sources */ = {
			isa = PBXSourcesBuildPhase;
			buildActionMask = 2147483647;
			files = (
				82C3E4192AEEC1250057B9C0 /* MovieDBTests.swift in Sources */,
			);
			runOnlyForDeploymentPostprocessing = 0;
		};
		82C3E41A2AEEC1250057B9C0 /* Sources */ = {
			isa = PBXSourcesBuildPhase;
			buildActionMask = 2147483647;
			files = (
				82C3E4232AEEC1250057B9C0 /* MovieDBUITests.swift in Sources */,
				82C3E4252AEEC1250057B9C0 /* MovieDBUITestsLaunchTests.swift in Sources */,
			);
			runOnlyForDeploymentPostprocessing = 0;
		};
/* End PBXSourcesBuildPhase section */

/* Begin PBXTargetDependency section */
		82C3E4162AEEC1250057B9C0 /* PBXTargetDependency */ = {
			isa = PBXTargetDependency;
			target = 82C3E3FA2AEEC1240057B9C0 /* MovieDB */;
			targetProxy = 82C3E4152AEEC1250057B9C0 /* PBXContainerItemProxy */;
		};
		82C3E4202AEEC1250057B9C0 /* PBXTargetDependency */ = {
			isa = PBXTargetDependency;
			target = 82C3E3FA2AEEC1240057B9C0 /* MovieDB */;
			targetProxy = 82C3E41F2AEEC1250057B9C0 /* PBXContainerItemProxy */;
		};
/* End PBXTargetDependency section */

/* Begin PBXVariantGroup section */
		82C3E4042AEEC1240057B9C0 /* Main.storyboard */ = {
			isa = PBXVariantGroup;
			children = (
				82C3E4052AEEC1240057B9C0 /* Base */,
			);
			name = Main.storyboard;
			sourceTree = "<group>";
		};
		82C3E40C2AEEC1250057B9C0 /* LaunchScreen.storyboard */ = {
			isa = PBXVariantGroup;
			children = (
				82C3E40D2AEEC1250057B9C0 /* Base */,
			);
			name = LaunchScreen.storyboard;
			sourceTree = "<group>";
		};
/* End PBXVariantGroup section */

/* Begin XCBuildConfiguration section */
		82C3E4262AEEC1250057B9C0 /* Debug */ = {
			isa = XCBuildConfiguration;
			buildSettings = {
				ALWAYS_SEARCH_USER_PATHS = NO;
				CLANG_ANALYZER_NONNULL = YES;
				CLANG_ANALYZER_NUMBER_OBJECT_CONVERSION = YES_AGGRESSIVE;
				CLANG_CXX_LANGUAGE_STANDARD = "gnu++20";
				CLANG_ENABLE_MODULES = YES;
				CLANG_ENABLE_OBJC_ARC = YES;
				CLANG_ENABLE_OBJC_WEAK = YES;
				CLANG_WARN_BLOCK_CAPTURE_AUTORELEASING = YES;
				CLANG_WARN_BOOL_CONVERSION = YES;
				CLANG_WARN_COMMA = YES;
				CLANG_WARN_CONSTANT_CONVERSION = YES;
				CLANG_WARN_DEPRECATED_OBJC_IMPLEMENTATIONS = YES;
				CLANG_WARN_DIRECT_OBJC_ISA_USAGE = YES_ERROR;
				CLANG_WARN_DOCUMENTATION_COMMENTS = YES;
				CLANG_WARN_EMPTY_BODY = YES;
				CLANG_WARN_ENUM_CONVERSION = YES;
				CLANG_WARN_INFINITE_RECURSION = YES;
				CLANG_WARN_INT_CONVERSION = YES;
				CLANG_WARN_NON_LITERAL_NULL_CONVERSION = YES;
				CLANG_WARN_OBJC_IMPLICIT_RETAIN_SELF = YES;
				CLANG_WARN_OBJC_LITERAL_CONVERSION = YES;
				CLANG_WARN_OBJC_ROOT_CLASS = YES_ERROR;
				CLANG_WARN_QUOTED_INCLUDE_IN_FRAMEWORK_HEADER = YES;
				CLANG_WARN_RANGE_LOOP_ANALYSIS = YES;
				CLANG_WARN_STRICT_PROTOTYPES = YES;
				CLANG_WARN_SUSPICIOUS_MOVE = YES;
				CLANG_WARN_UNGUARDED_AVAILABILITY = YES_AGGRESSIVE;
				CLANG_WARN_UNREACHABLE_CODE = YES;
				CLANG_WARN__DUPLICATE_METHOD_MATCH = YES;
				COPY_PHASE_STRIP = NO;
				DEBUG_INFORMATION_FORMAT = dwarf;
				ENABLE_STRICT_OBJC_MSGSEND = YES;
				ENABLE_TESTABILITY = YES;
				GCC_C_LANGUAGE_STANDARD = gnu11;
				GCC_DYNAMIC_NO_PIC = NO;
				GCC_NO_COMMON_BLOCKS = YES;
				GCC_OPTIMIZATION_LEVEL = 0;
				GCC_PREPROCESSOR_DEFINITIONS = (
					"DEBUG=1",
					"$(inherited)",
				);
				GCC_WARN_64_TO_32_BIT_CONVERSION = YES;
				GCC_WARN_ABOUT_RETURN_TYPE = YES_ERROR;
				GCC_WARN_UNDECLARED_SELECTOR = YES;
				GCC_WARN_UNINITIALIZED_AUTOS = YES_AGGRESSIVE;
				GCC_WARN_UNUSED_FUNCTION = YES;
				GCC_WARN_UNUSED_VARIABLE = YES;
				IPHONEOS_DEPLOYMENT_TARGET = 16.4;
				MTL_ENABLE_DEBUG_INFO = INCLUDE_SOURCE;
				MTL_FAST_MATH = YES;
				ONLY_ACTIVE_ARCH = YES;
				SDKROOT = iphoneos;
				SWIFT_ACTIVE_COMPILATION_CONDITIONS = DEBUG;
				SWIFT_OPTIMIZATION_LEVEL = "-Onone";
			};
			name = Debug;
		};
		82C3E4272AEEC1250057B9C0 /* Release */ = {
			isa = XCBuildConfiguration;
			buildSettings = {
				ALWAYS_SEARCH_USER_PATHS = NO;
				CLANG_ANALYZER_NONNULL = YES;
				CLANG_ANALYZER_NUMBER_OBJECT_CONVERSION = YES_AGGRESSIVE;
				CLANG_CXX_LANGUAGE_STANDARD = "gnu++20";
				CLANG_ENABLE_MODULES = YES;
				CLANG_ENABLE_OBJC_ARC = YES;
				CLANG_ENABLE_OBJC_WEAK = YES;
				CLANG_WARN_BLOCK_CAPTURE_AUTORELEASING = YES;
				CLANG_WARN_BOOL_CONVERSION = YES;
				CLANG_WARN_COMMA = YES;
				CLANG_WARN_CONSTANT_CONVERSION = YES;
				CLANG_WARN_DEPRECATED_OBJC_IMPLEMENTATIONS = YES;
				CLANG_WARN_DIRECT_OBJC_ISA_USAGE = YES_ERROR;
				CLANG_WARN_DOCUMENTATION_COMMENTS = YES;
				CLANG_WARN_EMPTY_BODY = YES;
				CLANG_WARN_ENUM_CONVERSION = YES;
				CLANG_WARN_INFINITE_RECURSION = YES;
				CLANG_WARN_INT_CONVERSION = YES;
				CLANG_WARN_NON_LITERAL_NULL_CONVERSION = YES;
				CLANG_WARN_OBJC_IMPLICIT_RETAIN_SELF = YES;
				CLANG_WARN_OBJC_LITERAL_CONVERSION = YES;
				CLANG_WARN_OBJC_ROOT_CLASS = YES_ERROR;
				CLANG_WARN_QUOTED_INCLUDE_IN_FRAMEWORK_HEADER = YES;
				CLANG_WARN_RANGE_LOOP_ANALYSIS = YES;
				CLANG_WARN_STRICT_PROTOTYPES = YES;
				CLANG_WARN_SUSPICIOUS_MOVE = YES;
				CLANG_WARN_UNGUARDED_AVAILABILITY = YES_AGGRESSIVE;
				CLANG_WARN_UNREACHABLE_CODE = YES;
				CLANG_WARN__DUPLICATE_METHOD_MATCH = YES;
				COPY_PHASE_STRIP = NO;
				DEBUG_INFORMATION_FORMAT = "dwarf-with-dsym";
				ENABLE_NS_ASSERTIONS = NO;
				ENABLE_STRICT_OBJC_MSGSEND = YES;
				GCC_C_LANGUAGE_STANDARD = gnu11;
				GCC_NO_COMMON_BLOCKS = YES;
				GCC_WARN_64_TO_32_BIT_CONVERSION = YES;
				GCC_WARN_ABOUT_RETURN_TYPE = YES_ERROR;
				GCC_WARN_UNDECLARED_SELECTOR = YES;
				GCC_WARN_UNINITIALIZED_AUTOS = YES_AGGRESSIVE;
				GCC_WARN_UNUSED_FUNCTION = YES;
				GCC_WARN_UNUSED_VARIABLE = YES;
				IPHONEOS_DEPLOYMENT_TARGET = 16.4;
				MTL_ENABLE_DEBUG_INFO = NO;
				MTL_FAST_MATH = YES;
				SDKROOT = iphoneos;
				SWIFT_COMPILATION_MODE = wholemodule;
				SWIFT_OPTIMIZATION_LEVEL = "-O";
				VALIDATE_PRODUCT = YES;
			};
			name = Release;
		};
		82C3E4292AEEC1250057B9C0 /* Debug */ = {
			isa = XCBuildConfiguration;
			buildSettings = {
				ASSETCATALOG_COMPILER_APPICON_NAME = AppIcon;
				ASSETCATALOG_COMPILER_GLOBAL_ACCENT_COLOR_NAME = AccentColor;
				CODE_SIGN_STYLE = Automatic;
				CURRENT_PROJECT_VERSION = 1;
				DEVELOPMENT_TEAM = 6GGU4BAHD6;
				GENERATE_INFOPLIST_FILE = YES;
				INFOPLIST_FILE = MovieDB/Info.plist;
				INFOPLIST_KEY_UIApplicationSupportsIndirectInputEvents = YES;
				INFOPLIST_KEY_UILaunchStoryboardName = LaunchScreen;
				INFOPLIST_KEY_UIMainStoryboardFile = Main;
				INFOPLIST_KEY_UISupportedInterfaceOrientations_iPad = "UIInterfaceOrientationPortrait UIInterfaceOrientationPortraitUpsideDown UIInterfaceOrientationLandscapeLeft UIInterfaceOrientationLandscapeRight";
				INFOPLIST_KEY_UISupportedInterfaceOrientations_iPhone = "UIInterfaceOrientationPortrait UIInterfaceOrientationLandscapeLeft UIInterfaceOrientationLandscapeRight";
				LD_RUNPATH_SEARCH_PATHS = (
					"$(inherited)",
					"@executable_path/Frameworks",
				);
				MARKETING_VERSION = 1.0;
				PRODUCT_BUNDLE_IDENTIFIER = MvDB.MovieDB;
				PRODUCT_NAME = "$(TARGET_NAME)";
				SWIFT_EMIT_LOC_STRINGS = YES;
				SWIFT_VERSION = 5.0;
				TARGETED_DEVICE_FAMILY = "1,2";
			};
			name = Debug;
		};
		82C3E42A2AEEC1250057B9C0 /* Release */ = {
			isa = XCBuildConfiguration;
			buildSettings = {
				ASSETCATALOG_COMPILER_APPICON_NAME = AppIcon;
				ASSETCATALOG_COMPILER_GLOBAL_ACCENT_COLOR_NAME = AccentColor;
				CODE_SIGN_STYLE = Automatic;
				CURRENT_PROJECT_VERSION = 1;
				DEVELOPMENT_TEAM = 6GGU4BAHD6;
				GENERATE_INFOPLIST_FILE = YES;
				INFOPLIST_FILE = MovieDB/Info.plist;
				INFOPLIST_KEY_UIApplicationSupportsIndirectInputEvents = YES;
				INFOPLIST_KEY_UILaunchStoryboardName = LaunchScreen;
				INFOPLIST_KEY_UIMainStoryboardFile = Main;
				INFOPLIST_KEY_UISupportedInterfaceOrientations_iPad = "UIInterfaceOrientationPortrait UIInterfaceOrientationPortraitUpsideDown UIInterfaceOrientationLandscapeLeft UIInterfaceOrientationLandscapeRight";
				INFOPLIST_KEY_UISupportedInterfaceOrientations_iPhone = "UIInterfaceOrientationPortrait UIInterfaceOrientationLandscapeLeft UIInterfaceOrientationLandscapeRight";
				LD_RUNPATH_SEARCH_PATHS = (
					"$(inherited)",
					"@executable_path/Frameworks",
				);
				MARKETING_VERSION = 1.0;
				PRODUCT_BUNDLE_IDENTIFIER = MvDB.MovieDB;
				PRODUCT_NAME = "$(TARGET_NAME)";
				SWIFT_EMIT_LOC_STRINGS = YES;
				SWIFT_VERSION = 5.0;
				TARGETED_DEVICE_FAMILY = "1,2";
			};
			name = Release;
		};
		82C3E42C2AEEC1250057B9C0 /* Debug */ = {
			isa = XCBuildConfiguration;
			buildSettings = {
				ALWAYS_EMBED_SWIFT_STANDARD_LIBRARIES = YES;
				BUNDLE_LOADER = "$(TEST_HOST)";
				CODE_SIGN_STYLE = Automatic;
				CURRENT_PROJECT_VERSION = 1;
				DEVELOPMENT_TEAM = 6GGU4BAHD6;
				GENERATE_INFOPLIST_FILE = YES;
				IPHONEOS_DEPLOYMENT_TARGET = 16.4;
				MARKETING_VERSION = 1.0;
				PRODUCT_BUNDLE_IDENTIFIER = MvDB.MovieDBTests;
				PRODUCT_NAME = "$(TARGET_NAME)";
				SWIFT_EMIT_LOC_STRINGS = NO;
				SWIFT_VERSION = 5.0;
				TARGETED_DEVICE_FAMILY = "1,2";
				TEST_HOST = "$(BUILT_PRODUCTS_DIR)/MovieDB.app/$(BUNDLE_EXECUTABLE_FOLDER_PATH)/MovieDB";
			};
			name = Debug;
		};
		82C3E42D2AEEC1250057B9C0 /* Release */ = {
			isa = XCBuildConfiguration;
			buildSettings = {
				ALWAYS_EMBED_SWIFT_STANDARD_LIBRARIES = YES;
				BUNDLE_LOADER = "$(TEST_HOST)";
				CODE_SIGN_STYLE = Automatic;
				CURRENT_PROJECT_VERSION = 1;
				DEVELOPMENT_TEAM = 6GGU4BAHD6;
				GENERATE_INFOPLIST_FILE = YES;
				IPHONEOS_DEPLOYMENT_TARGET = 16.4;
				MARKETING_VERSION = 1.0;
				PRODUCT_BUNDLE_IDENTIFIER = MvDB.MovieDBTests;
				PRODUCT_NAME = "$(TARGET_NAME)";
				SWIFT_EMIT_LOC_STRINGS = NO;
				SWIFT_VERSION = 5.0;
				TARGETED_DEVICE_FAMILY = "1,2";
				TEST_HOST = "$(BUILT_PRODUCTS_DIR)/MovieDB.app/$(BUNDLE_EXECUTABLE_FOLDER_PATH)/MovieDB";
			};
			name = Release;
		};
		82C3E42F2AEEC1250057B9C0 /* Debug */ = {
			isa = XCBuildConfiguration;
			buildSettings = {
				ALWAYS_EMBED_SWIFT_STANDARD_LIBRARIES = YES;
				CODE_SIGN_STYLE = Automatic;
				CURRENT_PROJECT_VERSION = 1;
				DEVELOPMENT_TEAM = 6GGU4BAHD6;
				GENERATE_INFOPLIST_FILE = YES;
				MARKETING_VERSION = 1.0;
				PRODUCT_BUNDLE_IDENTIFIER = MvDB.MovieDBUITests;
				PRODUCT_NAME = "$(TARGET_NAME)";
				SWIFT_EMIT_LOC_STRINGS = NO;
				SWIFT_VERSION = 5.0;
				TARGETED_DEVICE_FAMILY = "1,2";
				TEST_TARGET_NAME = MovieDB;
			};
			name = Debug;
		};
		82C3E4302AEEC1250057B9C0 /* Release */ = {
			isa = XCBuildConfiguration;
			buildSettings = {
				ALWAYS_EMBED_SWIFT_STANDARD_LIBRARIES = YES;
				CODE_SIGN_STYLE = Automatic;
				CURRENT_PROJECT_VERSION = 1;
				DEVELOPMENT_TEAM = 6GGU4BAHD6;
				GENERATE_INFOPLIST_FILE = YES;
				MARKETING_VERSION = 1.0;
				PRODUCT_BUNDLE_IDENTIFIER = MvDB.MovieDBUITests;
				PRODUCT_NAME = "$(TARGET_NAME)";
				SWIFT_EMIT_LOC_STRINGS = NO;
				SWIFT_VERSION = 5.0;
				TARGETED_DEVICE_FAMILY = "1,2";
				TEST_TARGET_NAME = MovieDB;
			};
			name = Release;
		};
/* End XCBuildConfiguration section */

/* Begin XCConfigurationList section */
		82C3E3F62AEEC1240057B9C0 /* Build configuration list for PBXProject "MovieDB" */ = {
			isa = XCConfigurationList;
			buildConfigurations = (
				82C3E4262AEEC1250057B9C0 /* Debug */,
				82C3E4272AEEC1250057B9C0 /* Release */,
			);
			defaultConfigurationIsVisible = 0;
			defaultConfigurationName = Release;
		};
		82C3E4282AEEC1250057B9C0 /* Build configuration list for PBXNativeTarget "MovieDB" */ = {
			isa = XCConfigurationList;
			buildConfigurations = (
				82C3E4292AEEC1250057B9C0 /* Debug */,
				82C3E42A2AEEC1250057B9C0 /* Release */,
			);
			defaultConfigurationIsVisible = 0;
			defaultConfigurationName = Release;
		};
		82C3E42B2AEEC1250057B9C0 /* Build configuration list for PBXNativeTarget "MovieDBTests" */ = {
			isa = XCConfigurationList;
			buildConfigurations = (
				82C3E42C2AEEC1250057B9C0 /* Debug */,
				82C3E42D2AEEC1250057B9C0 /* Release */,
			);
			defaultConfigurationIsVisible = 0;
			defaultConfigurationName = Release;
		};
		82C3E42E2AEEC1250057B9C0 /* Build configuration list for PBXNativeTarget "MovieDBUITests" */ = {
			isa = XCConfigurationList;
			buildConfigurations = (
				82C3E42F2AEEC1250057B9C0 /* Debug */,
				82C3E4302AEEC1250057B9C0 /* Release */,
			);
			defaultConfigurationIsVisible = 0;
			defaultConfigurationName = Release;
		};
/* End XCConfigurationList section */

/* Begin XCVersionGroup section */
		82C3E4072AEEC1240057B9C0 /* MovieDB.xcdatamodeld */ = {
			isa = XCVersionGroup;
			children = (
				82C3E4082AEEC1240057B9C0 /* MovieDB.xcdatamodel */,
			);
			currentVersion = 82C3E4082AEEC1240057B9C0 /* MovieDB.xcdatamodel */;
			path = MovieDB.xcdatamodeld;
			sourceTree = "<group>";
			versionGroupType = wrapper.xcdatamodel;
		};
/* End XCVersionGroup section */
	};
	rootObject = 82C3E3F32AEEC1240057B9C0 /* Project object */;
}
